
Microsoft Visual Studio Solution File, Format Version 12.00
# Visual Studio Version 17
VisualStudioVersion = 17.3.32901.215
MinimumVisualStudioVersion = 10.0.40219.1
Project("{FAE04EC0-301F-11D3-BF4B-00C04F79EFBC}") = "A02_Notepad", "A02_Notepad.csproj", "{630C8164-E705-4A09-8F53-CC007C492D43}"
EndProject
Project("{2150E333-8FDC-42A3-9474-1A3956D46DE8}") = "Solution Items", "Solution Items", "{3E035C34-D865-4BC6-A561-17B0DAB602A4}"
EndProject
Global
	GlobalSection(SolutionConfigurationPlatforms) = preSolution
		Debug|Any CPU = Debug|Any CPU
		Release|Any CPU = Release|Any CPU
	EndGlobalSection
	GlobalSection(ProjectConfigurationPlatforms) = postSolution
		{630C8164-E705-4A09-8F53-CC007C492D43}.Debug|Any CPU.ActiveCfg = Debug|Any CPU
		{630C8164-E705-4A09-8F53-CC007C492D43}.Debug|Any CPU.Build.0 = Debug|Any CPU
		{630C8164-E705-4A09-8F53-CC007C492D43}.Release|Any CPU.ActiveCfg = Release|Any CPU
		{630C8164-E705-4A09-8F53-CC007C492D43}.Release|Any CPU.Build.0 = Release|Any CPU
	EndGlobalSection
	GlobalSection(SolutionProperties) = preSolution
		HideSolutionNode = FALSE
	EndGlobalSection
	GlobalSection(ExtensibilityGlobals) = postSolution
		SolutionGuid = {464D96DE-86DB-4AFE-81CA-C612377618DF}
	EndGlobalSection
EndGlobal
